
Microsoft Visual Studio Solution File, Format Version 12.00
# Visual Studio Version 17
VisualStudioVersion = 17.0.31912.275
MinimumVisualStudioVersion = 10.0.40219.1
Project("{FAE04EC0-301F-11D3-BF4B-00C04F79EFBC}") = "Crusty.Bannerlord.Tweaks", "Crusty.Bannerlord.Tweaks.csproj", "{CA5B63CD-8681-4DAD-B308-182B0BE1B443}"
EndProject
Global
	GlobalSection(SolutionConfigurationPlatforms) = preSolution
		Debug|x64 = Debug|x64
		Release|x64 = Release|x64
	EndGlobalSection
	GlobalSection(ProjectConfigurationPlatforms) = postSolution
		{CA5B63CD-8681-4DAD-B308-182B0BE1B443}.Debug|x64.ActiveCfg = Debug|x64
		{CA5B63CD-8681-4DAD-B308-182B0BE1B443}.Debug|x64.Build.0 = Debug|x64
		{CA5B63CD-8681-4DAD-B308-182B0BE1B443}.Release|x64.ActiveCfg = Release|x64
		{CA5B63CD-8681-4DAD-B308-182B0BE1B443}.Release|x64.Build.0 = Release|x64
	EndGlobalSection
	GlobalSection(SolutionProperties) = preSolution
		HideSolutionNode = FALSE
	EndGlobalSection
	GlobalSection(ExtensibilityGlobals) = postSolution
		SolutionGuid = {EBA0ECD1-A298-47C8-86CB-1B3C77616E7E}
	EndGlobalSection
EndGlobal
